
Microsoft Visual Studio Solution File, Format Version 12.00
# Visual Studio Version 17
VisualStudioVersion = 17.9.34622.214
MinimumVisualStudioVersion = 10.0.40219.1
Project("{2150E333-8FDC-42A3-9474-1A3956D46DE8}") = "src", "src", "{3241DCC8-4954-43EB-939D-2E45DF1A5056}"
EndProject
Project("{9A19103F-16F7-4668-BE54-9A1E7A4F7556}") = "Api", "src\Api\Api.csproj", "{F857C6E8-2936-401D-A389-DECEABB32171}"
EndProject
Project("{9A19103F-16F7-4668-BE54-9A1E7A4F7556}") = "Core", "src\Core\Core.csproj", "{01DD895C-93CD-4FF3-AF8E-4B6EF56B0EC6}"
EndProject
Project("{9A19103F-16F7-4668-BE54-9A1E7A4F7556}") = "Logic", "src\Logic\Logic.csproj", "{736ECB4A-C2CB-481A-B136-21CD56EA1703}"
EndProject
Project("{54A90642-561A-4BB1-A94E-469ADEE60C69}") = "main", "src\Main\main.esproj", "{330DC994-41CB-4EDA-B4F8-48D96B92DE93}"
EndProject
Project("{2150E333-8FDC-42A3-9474-1A3956D46DE8}") = "tools", "tools", "{C6A28132-F246-48F8-A558-EAFBAF938458}"
EndProject
Project("{FAE04EC0-301F-11D3-BF4B-00C04F79EFBC}") = "CteateDb", "tools\CteateDb\CteateDb.csproj", "{37AD21C7-5C04-4F73-9745-F012B6C30B09}"
EndProject
Global
	GlobalSection(SolutionConfigurationPlatforms) = preSolution
		Debug|Any CPU = Debug|Any CPU
		Release|Any CPU = Release|Any CPU
	EndGlobalSection
	GlobalSection(ProjectConfigurationPlatforms) = postSolution
		{F857C6E8-2936-401D-A389-DECEABB32171}.Debug|Any CPU.ActiveCfg = Debug|Any CPU
		{F857C6E8-2936-401D-A389-DECEABB32171}.Debug|Any CPU.Build.0 = Debug|Any CPU
		{F857C6E8-2936-401D-A389-DECEABB32171}.Release|Any CPU.ActiveCfg = Release|Any CPU
		{F857C6E8-2936-401D-A389-DECEABB32171}.Release|Any CPU.Build.0 = Release|Any CPU
		{01DD895C-93CD-4FF3-AF8E-4B6EF56B0EC6}.Debug|Any CPU.ActiveCfg = Debug|Any CPU
		{01DD895C-93CD-4FF3-AF8E-4B6EF56B0EC6}.Debug|Any CPU.Build.0 = Debug|Any CPU
		{01DD895C-93CD-4FF3-AF8E-4B6EF56B0EC6}.Release|Any CPU.ActiveCfg = Release|Any CPU
		{01DD895C-93CD-4FF3-AF8E-4B6EF56B0EC6}.Release|Any CPU.Build.0 = Release|Any CPU
		{736ECB4A-C2CB-481A-B136-21CD56EA1703}.Debug|Any CPU.ActiveCfg = Debug|Any CPU
		{736ECB4A-C2CB-481A-B136-21CD56EA1703}.Debug|Any CPU.Build.0 = Debug|Any CPU
		{736ECB4A-C2CB-481A-B136-21CD56EA1703}.Release|Any CPU.ActiveCfg = Release|Any CPU
		{736ECB4A-C2CB-481A-B136-21CD56EA1703}.Release|Any CPU.Build.0 = Release|Any CPU
		{330DC994-41CB-4EDA-B4F8-48D96B92DE93}.Debug|Any CPU.ActiveCfg = Debug|Any CPU
		{330DC994-41CB-4EDA-B4F8-48D96B92DE93}.Debug|Any CPU.Build.0 = Debug|Any CPU
		{330DC994-41CB-4EDA-B4F8-48D96B92DE93}.Debug|Any CPU.Deploy.0 = Debug|Any CPU
		{330DC994-41CB-4EDA-B4F8-48D96B92DE93}.Release|Any CPU.ActiveCfg = Release|Any CPU
		{330DC994-41CB-4EDA-B4F8-48D96B92DE93}.Release|Any CPU.Build.0 = Release|Any CPU
		{330DC994-41CB-4EDA-B4F8-48D96B92DE93}.Release|Any CPU.Deploy.0 = Release|Any CPU
		{37AD21C7-5C04-4F73-9745-F012B6C30B09}.Debug|Any CPU.ActiveCfg = Debug|Any CPU
		{37AD21C7-5C04-4F73-9745-F012B6C30B09}.Debug|Any CPU.Build.0 = Debug|Any CPU
		{37AD21C7-5C04-4F73-9745-F012B6C30B09}.Release|Any CPU.ActiveCfg = Release|Any CPU
		{37AD21C7-5C04-4F73-9745-F012B6C30B09}.Release|Any CPU.Build.0 = Release|Any CPU
	EndGlobalSection
	GlobalSection(SolutionProperties) = preSolution
		HideSolutionNode = FALSE
	EndGlobalSection
	GlobalSection(NestedProjects) = preSolution
		{F857C6E8-2936-401D-A389-DECEABB32171} = {3241DCC8-4954-43EB-939D-2E45DF1A5056}
		{01DD895C-93CD-4FF3-AF8E-4B6EF56B0EC6} = {3241DCC8-4954-43EB-939D-2E45DF1A5056}
		{736ECB4A-C2CB-481A-B136-21CD56EA1703} = {3241DCC8-4954-43EB-939D-2E45DF1A5056}
		{330DC994-41CB-4EDA-B4F8-48D96B92DE93} = {3241DCC8-4954-43EB-939D-2E45DF1A5056}
		{37AD21C7-5C04-4F73-9745-F012B6C30B09} = {C6A28132-F246-48F8-A558-EAFBAF938458}
	EndGlobalSection
	GlobalSection(ExtensibilityGlobals) = postSolution
		SolutionGuid = {490113DA-6C8C-463D-8902-D4DFAC004460}
	EndGlobalSection
EndGlobal
